
Microsoft Visual Studio Solution File, Format Version 12.00
# Visual Studio Version 16
VisualStudioVersion = 16.0.29920.165
MinimumVisualStudioVersion = 10.0.40219.1
Project("{9A19103F-16F7-4668-BE54-9A1E7A4F7556}") = "Itau.Live.Test.Infrastructure", "Itau.Live.Test.Infrastructure\Itau.Live.Test.Infrastructure.csproj", "{5C26882F-C9C6-491F-870D-74983E1E8C2C}"
EndProject
Project("{9A19103F-16F7-4668-BE54-9A1E7A4F7556}") = "Itau.Live.Test.Run", "Itau.Live.Test.Run\Itau.Live.Test.Run.csproj", "{2941CCF2-9755-4B75-B97A-C6A019EBF4F4}"
EndProject
Global
	GlobalSection(SolutionConfigurationPlatforms) = preSolution
		Debug|Any CPU = Debug|Any CPU
		Release|Any CPU = Release|Any CPU
	EndGlobalSection
	GlobalSection(ProjectConfigurationPlatforms) = postSolution
		{5C26882F-C9C6-491F-870D-74983E1E8C2C}.Debug|Any CPU.ActiveCfg = Debug|Any CPU
		{5C26882F-C9C6-491F-870D-74983E1E8C2C}.Debug|Any CPU.Build.0 = Debug|Any CPU
		{5C26882F-C9C6-491F-870D-74983E1E8C2C}.Release|Any CPU.ActiveCfg = Release|Any CPU
		{5C26882F-C9C6-491F-870D-74983E1E8C2C}.Release|Any CPU.Build.0 = Release|Any CPU
		{2941CCF2-9755-4B75-B97A-C6A019EBF4F4}.Debug|Any CPU.ActiveCfg = Debug|Any CPU
		{2941CCF2-9755-4B75-B97A-C6A019EBF4F4}.Debug|Any CPU.Build.0 = Debug|Any CPU
		{2941CCF2-9755-4B75-B97A-C6A019EBF4F4}.Release|Any CPU.ActiveCfg = Release|Any CPU
		{2941CCF2-9755-4B75-B97A-C6A019EBF4F4}.Release|Any CPU.Build.0 = Release|Any CPU
	EndGlobalSection
	GlobalSection(SolutionProperties) = preSolution
		HideSolutionNode = FALSE
	EndGlobalSection
	GlobalSection(ExtensibilityGlobals) = postSolution
		SolutionGuid = {8BA657A0-67A9-4C64-A10C-6F19D3058B06}
	EndGlobalSection
EndGlobal
